// !$*UTF8*$!
{
	archiveVersion = 1;
	classes = {
	};
	objectVersion = 55;
	objects = {

/* Begin PBXBuildFile section */
		5B9FBE752812F54300590CCE /* AppDelegate.swift in Sources */ = {isa = PBXBuildFile; fileRef = 5B9FBE742812F54300590CCE /* AppDelegate.swift */; };
		5B9FBE772812F54300590CCE /* SceneDelegate.swift in Sources */ = {isa = PBXBuildFile; fileRef = 5B9FBE762812F54300590CCE /* SceneDelegate.swift */; };
		5B9FBE7F2812F54300590CCE /* MVVMiOSNewsApp.xcdatamodeld in Sources */ = {isa = PBXBuildFile; fileRef = 5B9FBE7D2812F54300590CCE /* MVVMiOSNewsApp.xcdatamodeld */; };
		5B9FBE812812F54400590CCE /* Assets.xcassets in Resources */ = {isa = PBXBuildFile; fileRef = 5B9FBE802812F54400590CCE /* Assets.xcassets */; };
		5B9FBE842812F54400590CCE /* LaunchScreen.storyboard in Resources */ = {isa = PBXBuildFile; fileRef = 5B9FBE822812F54400590CCE /* LaunchScreen.storyboard */; };
		5B9FBE902812F5A100590CCE /* NewsResponseModel.swift in Sources */ = {isa = PBXBuildFile; fileRef = 5B9FBE8F2812F5A100590CCE /* NewsResponseModel.swift */; };
		5B9FBE962812F72900590CCE /* HomeViewController.swift in Sources */ = {isa = PBXBuildFile; fileRef = 5B9FBE952812F72900590CCE /* HomeViewController.swift */; };
		5B9FBE9B2813013700590CCE /* HomeService.swift in Sources */ = {isa = PBXBuildFile; fileRef = 5B9FBE9A2813013700590CCE /* HomeService.swift */; };
		5B9FBE9D281301B400590CCE /* HomeViewModel.swift in Sources */ = {isa = PBXBuildFile; fileRef = 5B9FBE9C281301B400590CCE /* HomeViewModel.swift */; };
		5BC86A182813660D0095D3E2 /* NewsRequestModel.swift in Sources */ = {isa = PBXBuildFile; fileRef = 5BC86A172813660D0095D3E2 /* NewsRequestModel.swift */; };
		5BF4389B281319B300F9F907 /* ResponseModel.swift in Sources */ = {isa = PBXBuildFile; fileRef = 5B9FBEA428130C9700590CCE /* ResponseModel.swift */; };
		5BF4389C281319BA00F9F907 /* ErrorModel.swift in Sources */ = {isa = PBXBuildFile; fileRef = 5B9FBEA528130C9700590CCE /* ErrorModel.swift */; };
		5BF4389D281319BD00F9F907 /* RequestModel.swift in Sources */ = {isa = PBXBuildFile; fileRef = 5B9FBEA628130C9700590CCE /* RequestModel.swift */; };
		5BF4389E281319E100F9F907 /* ServiceManager.swift in Sources */ = {isa = PBXBuildFile; fileRef = 5B9FBEA828130C9700590CCE /* ServiceManager.swift */; };
		5BF4389F281319E400F9F907 /* LogManager.swift in Sources */ = {isa = PBXBuildFile; fileRef = 5B9FBEA928130C9700590CCE /* LogManager.swift */; };
		5BF438A328131AF000F9F907 /* Constant.swift in Sources */ = {isa = PBXBuildFile; fileRef = 5BF438A228131AF000F9F907 /* Constant.swift */; };
		5BF438A528131B1400F9F907 /* ServiceConstant.swift in Sources */ = {isa = PBXBuildFile; fileRef = 5BF438A428131B1400F9F907 /* ServiceConstant.swift */; };
		5BF438A728131B2400F9F907 /* ErrorKey.swift in Sources */ = {isa = PBXBuildFile; fileRef = 5BF438A628131B2400F9F907 /* ErrorKey.swift */; };
		5BF438AA28131B4F00F9F907 /* String+Extension.swift in Sources */ = {isa = PBXBuildFile; fileRef = 5BF438A928131B4F00F9F907 /* String+Extension.swift */; };
/* End PBXBuildFile section */

/* Begin PBXFileReference section */
		5B9FBE712812F54300590CCE /* MVVMiOSNewsApp.app */ = {isa = PBXFileReference; explicitFileType = wrapper.application; includeInIndex = 0; path = MVVMiOSNewsApp.app; sourceTree = BUILT_PRODUCTS_DIR; };
		5B9FBE742812F54300590CCE /* AppDelegate.swift */ = {isa = PBXFileReference; lastKnownFileType = sourcecode.swift; path = AppDelegate.swift; sourceTree = "<group>"; };
		5B9FBE762812F54300590CCE /* SceneDelegate.swift */ = {isa = PBXFileReference; lastKnownFileType = sourcecode.swift; path = SceneDelegate.swift; sourceTree = "<group>"; };
		5B9FBE7E2812F54300590CCE /* MVVMiOSNewsApp.xcdatamodel */ = {isa = PBXFileReference; lastKnownFileType = wrapper.xcdatamodel; path = MVVMiOSNewsApp.xcdatamodel; sourceTree = "<group>"; };
		5B9FBE802812F54400590CCE /* Assets.xcassets */ = {isa = PBXFileReference; lastKnownFileType = folder.assetcatalog; path = Assets.xcassets; sourceTree = "<group>"; };
		5B9FBE832812F54400590CCE /* Base */ = {isa = PBXFileReference; lastKnownFileType = file.storyboard; name = Base; path = Base.lproj/LaunchScreen.storyboard; sourceTree = "<group>"; };
		5B9FBE852812F54400590CCE /* Info.plist */ = {isa = PBXFileReference; lastKnownFileType = text.plist.xml; path = Info.plist; sourceTree = "<group>"; };
		5B9FBE8F2812F5A100590CCE /* NewsResponseModel.swift */ = {isa = PBXFileReference; lastKnownFileType = sourcecode.swift; path = NewsResponseModel.swift; sourceTree = "<group>"; };
		5B9FBE952812F72900590CCE /* HomeViewController.swift */ = {isa = PBXFileReference; lastKnownFileType = sourcecode.swift; path = HomeViewController.swift; sourceTree = "<group>"; };
		5B9FBE9A2813013700590CCE /* HomeService.swift */ = {isa = PBXFileReference; lastKnownFileType = sourcecode.swift; path = HomeService.swift; sourceTree = "<group>"; };
		5B9FBE9C281301B400590CCE /* HomeViewModel.swift */ = {isa = PBXFileReference; lastKnownFileType = sourcecode.swift; path = HomeViewModel.swift; sourceTree = "<group>"; };
		5B9FBEA428130C9700590CCE /* ResponseModel.swift */ = {isa = PBXFileReference; lastKnownFileType = sourcecode.swift; path = ResponseModel.swift; sourceTree = "<group>"; };
		5B9FBEA528130C9700590CCE /* ErrorModel.swift */ = {isa = PBXFileReference; lastKnownFileType = sourcecode.swift; path = ErrorModel.swift; sourceTree = "<group>"; };
		5B9FBEA628130C9700590CCE /* RequestModel.swift */ = {isa = PBXFileReference; lastKnownFileType = sourcecode.swift; path = RequestModel.swift; sourceTree = "<group>"; };
		5B9FBEA828130C9700590CCE /* ServiceManager.swift */ = {isa = PBXFileReference; lastKnownFileType = sourcecode.swift; path = ServiceManager.swift; sourceTree = "<group>"; };
		5B9FBEA928130C9700590CCE /* LogManager.swift */ = {isa = PBXFileReference; lastKnownFileType = sourcecode.swift; path = LogManager.swift; sourceTree = "<group>"; };
		5BC86A172813660D0095D3E2 /* NewsRequestModel.swift */ = {isa = PBXFileReference; lastKnownFileType = sourcecode.swift; path = NewsRequestModel.swift; sourceTree = "<group>"; };
		5BF438A228131AF000F9F907 /* Constant.swift */ = {isa = PBXFileReference; lastKnownFileType = sourcecode.swift; path = Constant.swift; sourceTree = "<group>"; };
		5BF438A428131B1400F9F907 /* ServiceConstant.swift */ = {isa = PBXFileReference; lastKnownFileType = sourcecode.swift; path = ServiceConstant.swift; sourceTree = "<group>"; };
		5BF438A628131B2400F9F907 /* ErrorKey.swift */ = {isa = PBXFileReference; lastKnownFileType = sourcecode.swift; path = ErrorKey.swift; sourceTree = "<group>"; };
		5BF438A928131B4F00F9F907 /* String+Extension.swift */ = {isa = PBXFileReference; lastKnownFileType = sourcecode.swift; path = "String+Extension.swift"; sourceTree = "<group>"; };
/* End PBXFileReference section */

/* Begin PBXFrameworksBuildPhase section */
		5B9FBE6E2812F54300590CCE /* Frameworks */ = {
			isa = PBXFrameworksBuildPhase;
			buildActionMask = 2147483647;
			files = (
			);
			runOnlyForDeploymentPostprocessing = 0;
		};
/* End PBXFrameworksBuildPhase section */

/* Begin PBXGroup section */
		5B9FBE682812F54300590CCE = {
			isa = PBXGroup;
			children = (
				5B9FBE732812F54300590CCE /* MVVMiOSNewsApp */,
				5B9FBE722812F54300590CCE /* Products */,
			);
			sourceTree = "<group>";
		};
		5B9FBE722812F54300590CCE /* Products */ = {
			isa = PBXGroup;
			children = (
				5B9FBE712812F54300590CCE /* MVVMiOSNewsApp.app */,
			);
			name = Products;
			sourceTree = "<group>";
		};
		5B9FBE732812F54300590CCE /* MVVMiOSNewsApp */ = {
			isa = PBXGroup;
			children = (
				5B9FBE942812F6DB00590CCE /* App */,
				5B9FBE922812F6AF00590CCE /* UI */,
				5B9FBE912812F65400590CCE /* Core */,
				5B9FBE852812F54400590CCE /* Info.plist */,
			);
			path = MVVMiOSNewsApp;
			sourceTree = "<group>";
		};
		5B9FBE8B2812F55400590CCE /* Model */ = {
			isa = PBXGroup;
			children = (
				5B9FBE8F2812F5A100590CCE /* NewsResponseModel.swift */,
				5BC86A172813660D0095D3E2 /* NewsRequestModel.swift */,
			);
			path = Model;
			sourceTree = "<group>";
		};
		5B9FBE8C2812F55F00590CCE /* ViewModel */ = {
			isa = PBXGroup;
			children = (
				5B9FBE9C281301B400590CCE /* HomeViewModel.swift */,
			);
			path = ViewModel;
			sourceTree = "<group>";
		};
		5B9FBE8D2812F56B00590CCE /* View */ = {
			isa = PBXGroup;
			children = (
				5B9FBE952812F72900590CCE /* HomeViewController.swift */,
			);
			path = View;
			sourceTree = "<group>";
		};
		5B9FBE8E2812F57800590CCE /* Service */ = {
			isa = PBXGroup;
			children = (
				5B9FBE9A2813013700590CCE /* HomeService.swift */,
			);
			path = Service;
			sourceTree = "<group>";
		};
		5B9FBE912812F65400590CCE /* Core */ = {
			isa = PBXGroup;
			children = (
				5B9FBEA728130C9700590CCE /* Managers */,
				5B9FBEA328130C9700590CCE /* Models */,
			);
			path = Core;
			sourceTree = "<group>";
		};
		5B9FBE922812F6AF00590CCE /* UI */ = {
			isa = PBXGroup;
			children = (
				5B9FBE932812F6BC00590CCE /* HomeScreen */,
			);
			path = UI;
			sourceTree = "<group>";
		};
		5B9FBE932812F6BC00590CCE /* HomeScreen */ = {
			isa = PBXGroup;
			children = (
				5B9FBE8E2812F57800590CCE /* Service */,
				5B9FBE8D2812F56B00590CCE /* View */,
				5B9FBE8C2812F55F00590CCE /* ViewModel */,
				5B9FBE8B2812F55400590CCE /* Model */,
			);
			path = HomeScreen;
			sourceTree = "<group>";
		};
		5B9FBE942812F6DB00590CCE /* App */ = {
			isa = PBXGroup;
			children = (
				5BF438A028131AC500F9F907 /* Utilities */,
				5B9FBEA228130C6800590CCE /* Sources */,
				5B9FBEAA28130CF200590CCE /* Supports */,
			);
			path = App;
			sourceTree = "<group>";
		};
		5B9FBEA228130C6800590CCE /* Sources */ = {
			isa = PBXGroup;
			children = (
				5B9FBE822812F54400590CCE /* LaunchScreen.storyboard */,
				5B9FBE802812F54400590CCE /* Assets.xcassets */,
				5B9FBE7D2812F54300590CCE /* MVVMiOSNewsApp.xcdatamodeld */,
			);
			path = Sources;
			sourceTree = "<group>";
		};
		5B9FBEA328130C9700590CCE /* Models */ = {
			isa = PBXGroup;
			children = (
				5B9FBEA428130C9700590CCE /* ResponseModel.swift */,
				5B9FBEA528130C9700590CCE /* ErrorModel.swift */,
				5B9FBEA628130C9700590CCE /* RequestModel.swift */,
			);
			path = Models;
			sourceTree = "<group>";
		};
		5B9FBEA728130C9700590CCE /* Managers */ = {
			isa = PBXGroup;
			children = (
				5B9FBEA828130C9700590CCE /* ServiceManager.swift */,
				5B9FBEA928130C9700590CCE /* LogManager.swift */,
			);
			path = Managers;
			sourceTree = "<group>";
		};
		5B9FBEAA28130CF200590CCE /* Supports */ = {
			isa = PBXGroup;
			children = (
				5B9FBE742812F54300590CCE /* AppDelegate.swift */,
				5B9FBE762812F54300590CCE /* SceneDelegate.swift */,
			);
			path = Supports;
			sourceTree = "<group>";
		};
		5BF438A028131AC500F9F907 /* Utilities */ = {
			isa = PBXGroup;
			children = (
				5BF438A128131AD400F9F907 /* Constants */,
				5BF438A628131B2400F9F907 /* ErrorKey.swift */,
			);
			path = Utilities;
			sourceTree = "<group>";
		};
		5BF438A128131AD400F9F907 /* Constants */ = {
			isa = PBXGroup;
			children = (
				5BF438A828131B3800F9F907 /* Extensions */,
				5BF438A228131AF000F9F907 /* Constant.swift */,
				5BF438A428131B1400F9F907 /* ServiceConstant.swift */,
			);
			path = Constants;
			sourceTree = "<group>";
		};
		5BF438A828131B3800F9F907 /* Extensions */ = {
			isa = PBXGroup;
			children = (
				5BF438A928131B4F00F9F907 /* String+Extension.swift */,
			);
			path = Extensions;
			sourceTree = "<group>";
		};
/* End PBXGroup section */

/* Begin PBXNativeTarget section */
		5B9FBE702812F54300590CCE /* MVVMiOSNewsApp */ = {
			isa = PBXNativeTarget;
			buildConfigurationList = 5B9FBE882812F54400590CCE /* Build configuration list for PBXNativeTarget "MVVMiOSNewsApp" */;
			buildPhases = (
				5B9FBE6D2812F54300590CCE /* Sources */,
				5B9FBE6E2812F54300590CCE /* Frameworks */,
				5B9FBE6F2812F54300590CCE /* Resources */,
			);
			buildRules = (
			);
			dependencies = (
			);
			name = MVVMiOSNewsApp;
			productName = MVVMiOSNewsApp;
			productReference = 5B9FBE712812F54300590CCE /* MVVMiOSNewsApp.app */;
			productType = "com.apple.product-type.application";
		};
/* End PBXNativeTarget section */

/* Begin PBXProject section */
		5B9FBE692812F54300590CCE /* Project object */ = {
			isa = PBXProject;
			attributes = {
				BuildIndependentTargetsInParallel = 1;
				LastSwiftUpdateCheck = 1330;
				LastUpgradeCheck = 1330;
				TargetAttributes = {
					5B9FBE702812F54300590CCE = {
						CreatedOnToolsVersion = 13.3;
					};
				};
			};
			buildConfigurationList = 5B9FBE6C2812F54300590CCE /* Build configuration list for PBXProject "MVVMiOSNewsApp" */;
			compatibilityVersion = "Xcode 13.0";
			developmentRegion = en;
			hasScannedForEncodings = 0;
			knownRegions = (
				en,
				Base,
			);
			mainGroup = 5B9FBE682812F54300590CCE;
			productRefGroup = 5B9FBE722812F54300590CCE /* Products */;
			projectDirPath = "";
			projectRoot = "";
			targets = (
				5B9FBE702812F54300590CCE /* MVVMiOSNewsApp */,
			);
		};
/* End PBXProject section */

/* Begin PBXResourcesBuildPhase section */
		5B9FBE6F2812F54300590CCE /* Resources */ = {
			isa = PBXResourcesBuildPhase;
			buildActionMask = 2147483647;
			files = (
				5B9FBE842812F54400590CCE /* LaunchScreen.storyboard in Resources */,
				5B9FBE812812F54400590CCE /* Assets.xcassets in Resources */,
			);
			runOnlyForDeploymentPostprocessing = 0;
		};
/* End PBXResourcesBuildPhase section */

/* Begin PBXSourcesBuildPhase section */
		5B9FBE6D2812F54300590CCE /* Sources */ = {
			isa = PBXSourcesBuildPhase;
			buildActionMask = 2147483647;
			files = (
				5BF4389F281319E400F9F907 /* LogManager.swift in Sources */,
				5BF438A728131B2400F9F907 /* ErrorKey.swift in Sources */,
				5BF4389E281319E100F9F907 /* ServiceManager.swift in Sources */,
				5B9FBE9B2813013700590CCE /* HomeService.swift in Sources */,
				5B9FBE752812F54300590CCE /* AppDelegate.swift in Sources */,
				5BC86A182813660D0095D3E2 /* NewsRequestModel.swift in Sources */,
				5B9FBE9D281301B400590CCE /* HomeViewModel.swift in Sources */,
				5B9FBE7F2812F54300590CCE /* MVVMiOSNewsApp.xcdatamodeld in Sources */,
				5B9FBE772812F54300590CCE /* SceneDelegate.swift in Sources */,
				5BF4389D281319BD00F9F907 /* RequestModel.swift in Sources */,
				5B9FBE902812F5A100590CCE /* NewsResponseModel.swift in Sources */,
				5BF438A328131AF000F9F907 /* Constant.swift in Sources */,
				5BF4389C281319BA00F9F907 /* ErrorModel.swift in Sources */,
				5BF438AA28131B4F00F9F907 /* String+Extension.swift in Sources */,
				5BF4389B281319B300F9F907 /* ResponseModel.swift in Sources */,
				5B9FBE962812F72900590CCE /* HomeViewController.swift in Sources */,
				5BF438A528131B1400F9F907 /* ServiceConstant.swift in Sources */,
			);
			runOnlyForDeploymentPostprocessing = 0;
		};
/* End PBXSourcesBuildPhase section */

/* Begin PBXVariantGroup section */
		5B9FBE822812F54400590CCE /* LaunchScreen.storyboard */ = {
			isa = PBXVariantGroup;
			children = (
				5B9FBE832812F54400590CCE /* Base */,
			);
			name = LaunchScreen.storyboard;
			sourceTree = "<group>";
		};
/* End PBXVariantGroup section */

/* Begin XCBuildConfiguration section */
		5B9FBE862812F54400590CCE /* Debug */ = {
			isa = XCBuildConfiguration;
			buildSettings = {
				ALWAYS_SEARCH_USER_PATHS = NO;
				CLANG_ANALYZER_NONNULL = YES;
				CLANG_ANALYZER_NUMBER_OBJECT_CONVERSION = YES_AGGRESSIVE;
				CLANG_CXX_LANGUAGE_STANDARD = "gnu++17";
				CLANG_ENABLE_MODULES = YES;
				CLANG_ENABLE_OBJC_ARC = YES;
				CLANG_ENABLE_OBJC_WEAK = YES;
				CLANG_WARN_BLOCK_CAPTURE_AUTORELEASING = YES;
				CLANG_WARN_BOOL_CONVERSION = YES;
				CLANG_WARN_COMMA = YES;
				CLANG_WARN_CONSTANT_CONVERSION = YES;
				CLANG_WARN_DEPRECATED_OBJC_IMPLEMENTATIONS = YES;
				CLANG_WARN_DIRECT_OBJC_ISA_USAGE = YES_ERROR;
				CLANG_WARN_DOCUMENTATION_COMMENTS = YES;
				CLANG_WARN_EMPTY_BODY = YES;
				CLANG_WARN_ENUM_CONVERSION = YES;
				CLANG_WARN_INFINITE_RECURSION = YES;
				CLANG_WARN_INT_CONVERSION = YES;
				CLANG_WARN_NON_LITERAL_NULL_CONVERSION = YES;
				CLANG_WARN_OBJC_IMPLICIT_RETAIN_SELF = YES;
				CLANG_WARN_OBJC_LITERAL_CONVERSION = YES;
				CLANG_WARN_OBJC_ROOT_CLASS = YES_ERROR;
				CLANG_WARN_QUOTED_INCLUDE_IN_FRAMEWORK_HEADER = YES;
				CLANG_WARN_RANGE_LOOP_ANALYSIS = YES;
				CLANG_WARN_STRICT_PROTOTYPES = YES;
				CLANG_WARN_SUSPICIOUS_MOVE = YES;
				CLANG_WARN_UNGUARDED_AVAILABILITY = YES_AGGRESSIVE;
				CLANG_WARN_UNREACHABLE_CODE = YES;
				CLANG_WARN__DUPLICATE_METHOD_MATCH = YES;
				COPY_PHASE_STRIP = NO;
				DEBUG_INFORMATION_FORMAT = dwarf;
				ENABLE_STRICT_OBJC_MSGSEND = YES;
				ENABLE_TESTABILITY = YES;
				GCC_C_LANGUAGE_STANDARD = gnu11;
				GCC_DYNAMIC_NO_PIC = NO;
				GCC_NO_COMMON_BLOCKS = YES;
				GCC_OPTIMIZATION_LEVEL = 0;
				GCC_PREPROCESSOR_DEFINITIONS = (
					"DEBUG=1",
					"$(inherited)",
				);
				GCC_WARN_64_TO_32_BIT_CONVERSION = YES;
				GCC_WARN_ABOUT_RETURN_TYPE = YES_ERROR;
				GCC_WARN_UNDECLARED_SELECTOR = YES;
				GCC_WARN_UNINITIALIZED_AUTOS = YES_AGGRESSIVE;
				GCC_WARN_UNUSED_FUNCTION = YES;
				GCC_WARN_UNUSED_VARIABLE = YES;
				IPHONEOS_DEPLOYMENT_TARGET = 15.4;
				MTL_ENABLE_DEBUG_INFO = INCLUDE_SOURCE;
				MTL_FAST_MATH = YES;
				ONLY_ACTIVE_ARCH = YES;
				SDKROOT = iphoneos;
				SWIFT_ACTIVE_COMPILATION_CONDITIONS = DEBUG;
				SWIFT_OPTIMIZATION_LEVEL = "-Onone";
			};
			name = Debug;
		};
		5B9FBE872812F54400590CCE /* Release */ = {
			isa = XCBuildConfiguration;
			buildSettings = {
				ALWAYS_SEARCH_USER_PATHS = NO;
				CLANG_ANALYZER_NONNULL = YES;
				CLANG_ANALYZER_NUMBER_OBJECT_CONVERSION = YES_AGGRESSIVE;
				CLANG_CXX_LANGUAGE_STANDARD = "gnu++17";
				CLANG_ENABLE_MODULES = YES;
				CLANG_ENABLE_OBJC_ARC = YES;
				CLANG_ENABLE_OBJC_WEAK = YES;
				CLANG_WARN_BLOCK_CAPTURE_AUTORELEASING = YES;
				CLANG_WARN_BOOL_CONVERSION = YES;
				CLANG_WARN_COMMA = YES;
				CLANG_WARN_CONSTANT_CONVERSION = YES;
				CLANG_WARN_DEPRECATED_OBJC_IMPLEMENTATIONS = YES;
				CLANG_WARN_DIRECT_OBJC_ISA_USAGE = YES_ERROR;
				CLANG_WARN_DOCUMENTATION_COMMENTS = YES;
				CLANG_WARN_EMPTY_BODY = YES;
				CLANG_WARN_ENUM_CONVERSION = YES;
				CLANG_WARN_INFINITE_RECURSION = YES;
				CLANG_WARN_INT_CONVERSION = YES;
				CLANG_WARN_NON_LITERAL_NULL_CONVERSION = YES;
				CLANG_WARN_OBJC_IMPLICIT_RETAIN_SELF = YES;
				CLANG_WARN_OBJC_LITERAL_CONVERSION = YES;
				CLANG_WARN_OBJC_ROOT_CLASS = YES_ERROR;
				CLANG_WARN_QUOTED_INCLUDE_IN_FRAMEWORK_HEADER = YES;
				CLANG_WARN_RANGE_LOOP_ANALYSIS = YES;
				CLANG_WARN_STRICT_PROTOTYPES = YES;
				CLANG_WARN_SUSPICIOUS_MOVE = YES;
				CLANG_WARN_UNGUARDED_AVAILABILITY = YES_AGGRESSIVE;
				CLANG_WARN_UNREACHABLE_CODE = YES;
				CLANG_WARN__DUPLICATE_METHOD_MATCH = YES;
				COPY_PHASE_STRIP = NO;
				DEBUG_INFORMATION_FORMAT = "dwarf-with-dsym";
				ENABLE_NS_ASSERTIONS = NO;
				ENABLE_STRICT_OBJC_MSGSEND = YES;
				GCC_C_LANGUAGE_STANDARD = gnu11;
				GCC_NO_COMMON_BLOCKS = YES;
				GCC_WARN_64_TO_32_BIT_CONVERSION = YES;
				GCC_WARN_ABOUT_RETURN_TYPE = YES_ERROR;
				GCC_WARN_UNDECLARED_SELECTOR = YES;
				GCC_WARN_UNINITIALIZED_AUTOS = YES_AGGRESSIVE;
				GCC_WARN_UNUSED_FUNCTION = YES;
				GCC_WARN_UNUSED_VARIABLE = YES;
				IPHONEOS_DEPLOYMENT_TARGET = 15.4;
				MTL_ENABLE_DEBUG_INFO = NO;
				MTL_FAST_MATH = YES;
				SDKROOT = iphoneos;
				SWIFT_COMPILATION_MODE = wholemodule;
				SWIFT_OPTIMIZATION_LEVEL = "-O";
				VALIDATE_PRODUCT = YES;
			};
			name = Release;
		};
		5B9FBE892812F54400590CCE /* Debug */ = {
			isa = XCBuildConfiguration;
			buildSettings = {
				ASSETCATALOG_COMPILER_APPICON_NAME = AppIcon;
				ASSETCATALOG_COMPILER_GLOBAL_ACCENT_COLOR_NAME = AccentColor;
				CODE_SIGN_STYLE = Automatic;
				CURRENT_PROJECT_VERSION = 1;
				GENERATE_INFOPLIST_FILE = YES;
				INFOPLIST_FILE = MVVMiOSNewsApp/Info.plist;
				INFOPLIST_KEY_UIApplicationSupportsIndirectInputEvents = YES;
				INFOPLIST_KEY_UILaunchStoryboardName = LaunchScreen;
				INFOPLIST_KEY_UISupportedInterfaceOrientations_iPad = "UIInterfaceOrientationPortrait UIInterfaceOrientationPortraitUpsideDown UIInterfaceOrientationLandscapeLeft UIInterfaceOrientationLandscapeRight";
				INFOPLIST_KEY_UISupportedInterfaceOrientations_iPhone = "UIInterfaceOrientationPortrait UIInterfaceOrientationLandscapeLeft UIInterfaceOrientationLandscapeRight";
				LD_RUNPATH_SEARCH_PATHS = (
					"$(inherited)",
					"@executable_path/Frameworks",
				);
				MARKETING_VERSION = 1.0;
				PRODUCT_BUNDLE_IDENTIFIER = sonerxdev.MVVMiOSNewsApp;
				PRODUCT_NAME = "$(TARGET_NAME)";
				SWIFT_EMIT_LOC_STRINGS = YES;
				SWIFT_VERSION = 5.0;
				TARGETED_DEVICE_FAMILY = "1,2";
			};
			name = Debug;
		};
		5B9FBE8A2812F54400590CCE /* Release */ = {
			isa = XCBuildConfiguration;
			buildSettings = {
				ASSETCATALOG_COMPILER_APPICON_NAME = AppIcon;
				ASSETCATALOG_COMPILER_GLOBAL_ACCENT_COLOR_NAME = AccentColor;
				CODE_SIGN_STYLE = Automatic;
				CURRENT_PROJECT_VERSION = 1;
				GENERATE_INFOPLIST_FILE = YES;
				INFOPLIST_FILE = MVVMiOSNewsApp/Info.plist;
				INFOPLIST_KEY_UIApplicationSupportsIndirectInputEvents = YES;
				INFOPLIST_KEY_UILaunchStoryboardName = LaunchScreen;
				INFOPLIST_KEY_UISupportedInterfaceOrientations_iPad = "UIInterfaceOrientationPortrait UIInterfaceOrientationPortraitUpsideDown UIInterfaceOrientationLandscapeLeft UIInterfaceOrientationLandscapeRight";
				INFOPLIST_KEY_UISupportedInterfaceOrientations_iPhone = "UIInterfaceOrientationPortrait UIInterfaceOrientationLandscapeLeft UIInterfaceOrientationLandscapeRight";
				LD_RUNPATH_SEARCH_PATHS = (
					"$(inherited)",
					"@executable_path/Frameworks",
				);
				MARKETING_VERSION = 1.0;
				PRODUCT_BUNDLE_IDENTIFIER = sonerxdev.MVVMiOSNewsApp;
				PRODUCT_NAME = "$(TARGET_NAME)";
				SWIFT_EMIT_LOC_STRINGS = YES;
				SWIFT_VERSION = 5.0;
				TARGETED_DEVICE_FAMILY = "1,2";
			};
			name = Release;
		};
/* End XCBuildConfiguration section */

/* Begin XCConfigurationList section */
		5B9FBE6C2812F54300590CCE /* Build configuration list for PBXProject "MVVMiOSNewsApp" */ = {
			isa = XCConfigurationList;
			buildConfigurations = (
				5B9FBE862812F54400590CCE /* Debug */,
				5B9FBE872812F54400590CCE /* Release */,
			);
			defaultConfigurationIsVisible = 0;
			defaultConfigurationName = Release;
		};
		5B9FBE882812F54400590CCE /* Build configuration list for PBXNativeTarget "MVVMiOSNewsApp" */ = {
			isa = XCConfigurationList;
			buildConfigurations = (
				5B9FBE892812F54400590CCE /* Debug */,
				5B9FBE8A2812F54400590CCE /* Release */,
			);
			defaultConfigurationIsVisible = 0;
			defaultConfigurationName = Release;
		};
/* End XCConfigurationList section */

/* Begin XCVersionGroup section */
		5B9FBE7D2812F54300590CCE /* MVVMiOSNewsApp.xcdatamodeld */ = {
			isa = XCVersionGroup;
			children = (
				5B9FBE7E2812F54300590CCE /* MVVMiOSNewsApp.xcdatamodel */,
			);
			currentVersion = 5B9FBE7E2812F54300590CCE /* MVVMiOSNewsApp.xcdatamodel */;
			path = MVVMiOSNewsApp.xcdatamodeld;
			sourceTree = "<group>";
			versionGroupType = wrapper.xcdatamodel;
		};
/* End XCVersionGroup section */
	};
	rootObject = 5B9FBE692812F54300590CCE /* Project object */;
}
